
Microsoft Visual Studio Solution File, Format Version 12.00
# Visual Studio Version 17
VisualStudioVersion = 17.6.33801.468
MinimumVisualStudioVersion = 10.0.40219.1
Project("{FAE04EC0-301F-11D3-BF4B-00C04F79EFBC}") = "BlazorServerApp", "BlazorServerApp\BlazorServerApp.csproj", "{89666632-3607-446B-B823-1AD72B9A7375}"
EndProject
Global
	GlobalSection(SolutionConfigurationPlatforms) = preSolution
		Debug|Any CPU = Debug|Any CPU
		Release|Any CPU = Release|Any CPU
	EndGlobalSection
	GlobalSection(ProjectConfigurationPlatforms) = postSolution
		{89666632-3607-446B-B823-1AD72B9A7375}.Debug|Any CPU.ActiveCfg = Debug|Any CPU
		{89666632-3607-446B-B823-1AD72B9A7375}.Debug|Any CPU.Build.0 = Debug|Any CPU
		{89666632-3607-446B-B823-1AD72B9A7375}.Release|Any CPU.ActiveCfg = Release|Any CPU
		{89666632-3607-446B-B823-1AD72B9A7375}.Release|Any CPU.Build.0 = Release|Any CPU
	EndGlobalSection
	GlobalSection(SolutionProperties) = preSolution
		HideSolutionNode = FALSE
	EndGlobalSection
	GlobalSection(ExtensibilityGlobals) = postSolution
		SolutionGuid = {BA89C06E-CD36-43E7-AEEC-52C90EA6D603}
	EndGlobalSection
EndGlobal
